// !$*UTF8*$!
{
	archiveVersion = 1;
	classes = {
	};
	objectVersion = 46;
	objects = {

/* Begin PBXBuildFile section */
		9C3DBF8F1940615A0058080F /* Foundation.framework in Frameworks */ = {isa = PBXBuildFile; fileRef = 9C3DBF8E1940615A0058080F /* Foundation.framework */; };
		9C3DBF941940615A0058080F /* RTID.h in CopyFiles */ = {isa = PBXBuildFile; fileRef = 9C3DBF931940615A0058080F /* RTID.h */; };
		9C3DBF961940615A0058080F /* RTID.m in Sources */ = {isa = PBXBuildFile; fileRef = 9C3DBF951940615A0058080F /* RTID.m */; };
		9C3DBF9D1940615A0058080F /* XCTest.framework in Frameworks */ = {isa = PBXBuildFile; fileRef = 9C3DBF9C1940615A0058080F /* XCTest.framework */; };
		9C3DBF9E1940615A0058080F /* Foundation.framework in Frameworks */ = {isa = PBXBuildFile; fileRef = 9C3DBF8E1940615A0058080F /* Foundation.framework */; };
		9C3DBFA01940615A0058080F /* UIKit.framework in Frameworks */ = {isa = PBXBuildFile; fileRef = 9C3DBF9F1940615A0058080F /* UIKit.framework */; };
		9C3DBFA31940615A0058080F /* libRTID.a in Frameworks */ = {isa = PBXBuildFile; fileRef = 9C3DBF8B1940615A0058080F /* libRTID.a */; };
		9C3DBFA91940615A0058080F /* InfoPlist.strings in Resources */ = {isa = PBXBuildFile; fileRef = 9C3DBFA71940615A0058080F /* InfoPlist.strings */; };
		9C3DBFAB1940615A0058080F /* RTIDTests.m in Sources */ = {isa = PBXBuildFile; fileRef = 9C3DBFAA1940615A0058080F /* RTIDTests.m */; };
		9C3DBFB91940687F0058080F /* Foundation.framework in Frameworks */ = {isa = PBXBuildFile; fileRef = 9C3DBF8E1940615A0058080F /* Foundation.framework */; };
		9C3DBFBB1940687F0058080F /* CoreGraphics.framework in Frameworks */ = {isa = PBXBuildFile; fileRef = 9C3DBFBA1940687F0058080F /* CoreGraphics.framework */; };
		9C3DBFC21940687F0058080F /* InfoPlist.strings in Resources */ = {isa = PBXBuildFile; fileRef = 9C3DBFC01940687F0058080F /* InfoPlist.strings */; };
		9C3DBFC41940687F0058080F /* main.m in Sources */ = {isa = PBXBuildFile; fileRef = 9C3DBFC31940687F0058080F /* main.m */; };
		9C3DBFC81940687F0058080F /* AppDelegate.m in Sources */ = {isa = PBXBuildFile; fileRef = 9C3DBFC71940687F0058080F /* AppDelegate.m */; };
		9C3DBFCB1940687F0058080F /* Main.storyboard in Resources */ = {isa = PBXBuildFile; fileRef = 9C3DBFC91940687F0058080F /* Main.storyboard */; };
		9C3DBFCE1940687F0058080F /* ViewController.m in Sources */ = {isa = PBXBuildFile; fileRef = 9C3DBFCD1940687F0058080F /* ViewController.m */; };
		9C3DBFD01940687F0058080F /* Images.xcassets in Resources */ = {isa = PBXBuildFile; fileRef = 9C3DBFCF1940687F0058080F /* Images.xcassets */; };
		9C3DBFD61940687F0058080F /* XCTest.framework in Frameworks */ = {isa = PBXBuildFile; fileRef = 9C3DBF9C1940615A0058080F /* XCTest.framework */; };
		9C3DBFD71940687F0058080F /* Foundation.framework in Frameworks */ = {isa = PBXBuildFile; fileRef = 9C3DBF8E1940615A0058080F /* Foundation.framework */; };
		9C3DBFD81940687F0058080F /* UIKit.framework in Frameworks */ = {isa = PBXBuildFile; fileRef = 9C3DBF9F1940615A0058080F /* UIKit.framework */; };
		9C3DBFE01940687F0058080F /* InfoPlist.strings in Resources */ = {isa = PBXBuildFile; fileRef = 9C3DBFDE1940687F0058080F /* InfoPlist.strings */; };
		9C3DBFE21940687F0058080F /* DemoTests.m in Sources */ = {isa = PBXBuildFile; fileRef = 9C3DBFE11940687F0058080F /* DemoTests.m */; };
		9C3DBFEA194069500058080F /* UIKit.framework in Frameworks */ = {isa = PBXBuildFile; fileRef = 9C3DBFE9194069500058080F /* UIKit.framework */; };
		9C3DBFEC194069550058080F /* Security.framework in Frameworks */ = {isa = PBXBuildFile; fileRef = 9C3DBFEB194069550058080F /* Security.framework */; };
		9C3DBFEF194069900058080F /* UIKit.framework in Frameworks */ = {isa = PBXBuildFile; fileRef = 9C3DBFE9194069500058080F /* UIKit.framework */; };
		9C3DBFF0194069940058080F /* libRTID.a in Frameworks */ = {isa = PBXBuildFile; fileRef = 9C3DBF8B1940615A0058080F /* libRTID.a */; };
/* End PBXBuildFile section */

/* Begin PBXContainerItemProxy section */
		9C3DBFA11940615A0058080F /* PBXContainerItemProxy */ = {
			isa = PBXContainerItemProxy;
			containerPortal = 9C3DBF831940615A0058080F /* Project object */;
			proxyType = 1;
			remoteGlobalIDString = 9C3DBF8A1940615A0058080F;
			remoteInfo = RTID;
		};
		9C3DBFD91940687F0058080F /* PBXContainerItemProxy */ = {
			isa = PBXContainerItemProxy;
			containerPortal = 9C3DBF831940615A0058080F /* Project object */;
			proxyType = 1;
			remoteGlobalIDString = 9C3DBFB71940687F0058080F;
			remoteInfo = Demo;
		};
/* End PBXContainerItemProxy section */

/* Begin PBXCopyFilesBuildPhase section */
		9C3DBF891940615A0058080F /* CopyFiles */ = {
			isa = PBXCopyFilesBuildPhase;
			buildActionMask = 2147483647;
			dstPath = "include/$(PRODUCT_NAME)";
			dstSubfolderSpec = 16;
			files = (
				9C3DBF941940615A0058080F /* RTID.h in CopyFiles */,
			);
			runOnlyForDeploymentPostprocessing = 0;
		};
/* End PBXCopyFilesBuildPhase section */

/* Begin PBXFileReference section */
		9C3DBF8B1940615A0058080F /* libRTID.a */ = {isa = PBXFileReference; explicitFileType = archive.ar; includeInIndex = 0; path = libRTID.a; sourceTree = BUILT_PRODUCTS_DIR; };
		9C3DBF8E1940615A0058080F /* Foundation.framework */ = {isa = PBXFileReference; lastKnownFileType = wrapper.framework; name = Foundation.framework; path = System/Library/Frameworks/Foundation.framework; sourceTree = SDKROOT; };
		9C3DBF921940615A0058080F /* RTID-Prefix.pch */ = {isa = PBXFileReference; lastKnownFileType = sourcecode.c.h; path = "RTID-Prefix.pch"; sourceTree = "<group>"; };
		9C3DBF931940615A0058080F /* RTID.h */ = {isa = PBXFileReference; lastKnownFileType = sourcecode.c.h; path = RTID.h; sourceTree = "<group>"; };
		9C3DBF951940615A0058080F /* RTID.m */ = {isa = PBXFileReference; lastKnownFileType = sourcecode.c.objc; path = RTID.m; sourceTree = "<group>"; };
		9C3DBF9B1940615A0058080F /* RTIDTests.xctest */ = {isa = PBXFileReference; explicitFileType = wrapper.cfbundle; includeInIndex = 0; path = RTIDTests.xctest; sourceTree = BUILT_PRODUCTS_DIR; };
		9C3DBF9C1940615A0058080F /* XCTest.framework */ = {isa = PBXFileReference; lastKnownFileType = wrapper.framework; name = XCTest.framework; path = Library/Frameworks/XCTest.framework; sourceTree = DEVELOPER_DIR; };
		9C3DBF9F1940615A0058080F /* UIKit.framework */ = {isa = PBXFileReference; lastKnownFileType = wrapper.framework; name = UIKit.framework; path = Library/Frameworks/UIKit.framework; sourceTree = DEVELOPER_DIR; };
		9C3DBFA61940615A0058080F /* RTIDTests-Info.plist */ = {isa = PBXFileReference; lastKnownFileType = text.plist.xml; path = "RTIDTests-Info.plist"; sourceTree = "<group>"; };
		9C3DBFA81940615A0058080F /* en */ = {isa = PBXFileReference; lastKnownFileType = text.plist.strings; name = en; path = en.lproj/InfoPlist.strings; sourceTree = "<group>"; };
		9C3DBFAA1940615A0058080F /* RTIDTests.m */ = {isa = PBXFileReference; lastKnownFileType = sourcecode.c.objc; path = RTIDTests.m; sourceTree = "<group>"; };
		9C3DBFB81940687F0058080F /* Demo.app */ = {isa = PBXFileReference; explicitFileType = wrapper.application; includeInIndex = 0; path = Demo.app; sourceTree = BUILT_PRODUCTS_DIR; };
		9C3DBFBA1940687F0058080F /* CoreGraphics.framework */ = {isa = PBXFileReference; lastKnownFileType = wrapper.framework; name = CoreGraphics.framework; path = System/Library/Frameworks/CoreGraphics.framework; sourceTree = SDKROOT; };
		9C3DBFBF1940687F0058080F /* Demo-Info.plist */ = {isa = PBXFileReference; lastKnownFileType = text.plist.xml; path = "Demo-Info.plist"; sourceTree = "<group>"; };
		9C3DBFC11940687F0058080F /* en */ = {isa = PBXFileReference; lastKnownFileType = text.plist.strings; name = en; path = en.lproj/InfoPlist.strings; sourceTree = "<group>"; };
		9C3DBFC31940687F0058080F /* main.m */ = {isa = PBXFileReference; lastKnownFileType = sourcecode.c.objc; path = main.m; sourceTree = "<group>"; };
		9C3DBFC51940687F0058080F /* Demo-Prefix.pch */ = {isa = PBXFileReference; lastKnownFileType = sourcecode.c.h; path = "Demo-Prefix.pch"; sourceTree = "<group>"; };
		9C3DBFC61940687F0058080F /* AppDelegate.h */ = {isa = PBXFileReference; lastKnownFileType = sourcecode.c.h; path = AppDelegate.h; sourceTree = "<group>"; };
		9C3DBFC71940687F0058080F /* AppDelegate.m */ = {isa = PBXFileReference; lastKnownFileType = sourcecode.c.objc; path = AppDelegate.m; sourceTree = "<group>"; };
		9C3DBFCA1940687F0058080F /* Base */ = {isa = PBXFileReference; lastKnownFileType = file.storyboard; name = Base; path = Base.lproj/Main.storyboard; sourceTree = "<group>"; };
		9C3DBFCC1940687F0058080F /* ViewController.h */ = {isa = PBXFileReference; lastKnownFileType = sourcecode.c.h; path = ViewController.h; sourceTree = "<group>"; };
		9C3DBFCD1940687F0058080F /* ViewController.m */ = {isa = PBXFileReference; lastKnownFileType = sourcecode.c.objc; path = ViewController.m; sourceTree = "<group>"; };
		9C3DBFCF1940687F0058080F /* Images.xcassets */ = {isa = PBXFileReference; lastKnownFileType = folder.assetcatalog; path = Images.xcassets; sourceTree = "<group>"; };
		9C3DBFD51940687F0058080F /* DemoTests.xctest */ = {isa = PBXFileReference; explicitFileType = wrapper.cfbundle; includeInIndex = 0; path = DemoTests.xctest; sourceTree = BUILT_PRODUCTS_DIR; };
		9C3DBFDD1940687F0058080F /* DemoTests-Info.plist */ = {isa = PBXFileReference; lastKnownFileType = text.plist.xml; path = "DemoTests-Info.plist"; sourceTree = "<group>"; };
		9C3DBFDF1940687F0058080F /* en */ = {isa = PBXFileReference; lastKnownFileType = text.plist.strings; name = en; path = en.lproj/InfoPlist.strings; sourceTree = "<group>"; };
		9C3DBFE11940687F0058080F /* DemoTests.m */ = {isa = PBXFileReference; lastKnownFileType = sourcecode.c.objc; path = DemoTests.m; sourceTree = "<group>"; };
		9C3DBFE9194069500058080F /* UIKit.framework */ = {isa = PBXFileReference; lastKnownFileType = wrapper.framework; name = UIKit.framework; path = System/Library/Frameworks/UIKit.framework; sourceTree = SDKROOT; };
		9C3DBFEB194069550058080F /* Security.framework */ = {isa = PBXFileReference; lastKnownFileType = wrapper.framework; name = Security.framework; path = System/Library/Frameworks/Security.framework; sourceTree = SDKROOT; };
		9C3DBFED1940695C0058080F /* libcommonCrypto.dylib */ = {isa = PBXFileReference; lastKnownFileType = "compiled.mach-o.dylib"; name = libcommonCrypto.dylib; path = usr/lib/system/libcommonCrypto.dylib; sourceTree = SDKROOT; };
/* End PBXFileReference section */

/* Begin PBXFrameworksBuildPhase section */
		9C3DBF881940615A0058080F /* Frameworks */ = {
			isa = PBXFrameworksBuildPhase;
			buildActionMask = 2147483647;
			files = (
				9C3DBFEC194069550058080F /* Security.framework in Frameworks */,
				9C3DBFEA194069500058080F /* UIKit.framework in Frameworks */,
				9C3DBF8F1940615A0058080F /* Foundation.framework in Frameworks */,
			);
			runOnlyForDeploymentPostprocessing = 0;
		};
		9C3DBF981940615A0058080F /* Frameworks */ = {
			isa = PBXFrameworksBuildPhase;
			buildActionMask = 2147483647;
			files = (
				9C3DBF9D1940615A0058080F /* XCTest.framework in Frameworks */,
				9C3DBFA01940615A0058080F /* UIKit.framework in Frameworks */,
				9C3DBFA31940615A0058080F /* libRTID.a in Frameworks */,
				9C3DBF9E1940615A0058080F /* Foundation.framework in Frameworks */,
			);
			runOnlyForDeploymentPostprocessing = 0;
		};
		9C3DBFB51940687F0058080F /* Frameworks */ = {
			isa = PBXFrameworksBuildPhase;
			buildActionMask = 2147483647;
			files = (
				9C3DBFF0194069940058080F /* libRTID.a in Frameworks */,
				9C3DBFEF194069900058080F /* UIKit.framework in Frameworks */,
				9C3DBFBB1940687F0058080F /* CoreGraphics.framework in Frameworks */,
				9C3DBFB91940687F0058080F /* Foundation.framework in Frameworks */,
			);
			runOnlyForDeploymentPostprocessing = 0;
		};
		9C3DBFD21940687F0058080F /* Frameworks */ = {
			isa = PBXFrameworksBuildPhase;
			buildActionMask = 2147483647;
			files = (
				9C3DBFD61940687F0058080F /* XCTest.framework in Frameworks */,
				9C3DBFD81940687F0058080F /* UIKit.framework in Frameworks */,
				9C3DBFD71940687F0058080F /* Foundation.framework in Frameworks */,
			);
			runOnlyForDeploymentPostprocessing = 0;
		};
/* End PBXFrameworksBuildPhase section */

/* Begin PBXGroup section */
		9C3DBF821940615A0058080F = {
			isa = PBXGroup;
			children = (
				9C3DBF901940615A0058080F /* RTID */,
				9C3DBFA41940615A0058080F /* RTIDTests */,
				9C3DBFBD1940687F0058080F /* Demo */,
				9C3DBFDB1940687F0058080F /* DemoTests */,
				9C3DBF8D1940615A0058080F /* Frameworks */,
				9C3DBF8C1940615A0058080F /* Products */,
			);
			sourceTree = "<group>";
		};
		9C3DBF8C1940615A0058080F /* Products */ = {
			isa = PBXGroup;
			children = (
				9C3DBF8B1940615A0058080F /* libRTID.a */,
				9C3DBF9B1940615A0058080F /* RTIDTests.xctest */,
				9C3DBFB81940687F0058080F /* Demo.app */,
				9C3DBFD51940687F0058080F /* DemoTests.xctest */,
			);
			name = Products;
			sourceTree = "<group>";
		};
		9C3DBF8D1940615A0058080F /* Frameworks */ = {
			isa = PBXGroup;
			children = (
				9C3DBFED1940695C0058080F /* libcommonCrypto.dylib */,
				9C3DBFEB194069550058080F /* Security.framework */,
				9C3DBFE9194069500058080F /* UIKit.framework */,
				9C3DBF8E1940615A0058080F /* Foundation.framework */,
				9C3DBF9C1940615A0058080F /* XCTest.framework */,
				9C3DBF9F1940615A0058080F /* UIKit.framework */,
				9C3DBFBA1940687F0058080F /* CoreGraphics.framework */,
			);
			name = Frameworks;
			sourceTree = "<group>";
		};
		9C3DBF901940615A0058080F /* RTID */ = {
			isa = PBXGroup;
			children = (
				9C3DBF931940615A0058080F /* RTID.h */,
				9C3DBF951940615A0058080F /* RTID.m */,
				9C3DBF911940615A0058080F /* Supporting Files */,
			);
			path = RTID;
			sourceTree = "<group>";
		};
		9C3DBF911940615A0058080F /* Supporting Files */ = {
			isa = PBXGroup;
			children = (
				9C3DBF921940615A0058080F /* RTID-Prefix.pch */,
			);
			name = "Supporting Files";
			sourceTree = "<group>";
		};
		9C3DBFA41940615A0058080F /* RTIDTests */ = {
			isa = PBXGroup;
			children = (
				9C3DBFAA1940615A0058080F /* RTIDTests.m */,
				9C3DBFA51940615A0058080F /* Supporting Files */,
			);
			path = RTIDTests;
			sourceTree = "<group>";
		};
		9C3DBFA51940615A0058080F /* Supporting Files */ = {
			isa = PBXGroup;
			children = (
				9C3DBFA61940615A0058080F /* RTIDTests-Info.plist */,
				9C3DBFA71940615A0058080F /* InfoPlist.strings */,
			);
			name = "Supporting Files";
			sourceTree = "<group>";
		};
		9C3DBFBD1940687F0058080F /* Demo */ = {
			isa = PBXGroup;
			children = (
				9C3DBFC61940687F0058080F /* AppDelegate.h */,
				9C3DBFC71940687F0058080F /* AppDelegate.m */,
				9C3DBFC91940687F0058080F /* Main.storyboard */,
				9C3DBFCC1940687F0058080F /* ViewController.h */,
				9C3DBFCD1940687F0058080F /* ViewController.m */,
				9C3DBFCF1940687F0058080F /* Images.xcassets */,
				9C3DBFBE1940687F0058080F /* Supporting Files */,
			);
			path = Demo;
			sourceTree = "<group>";
		};
		9C3DBFBE1940687F0058080F /* Supporting Files */ = {
			isa = PBXGroup;
			children = (
				9C3DBFBF1940687F0058080F /* Demo-Info.plist */,
				9C3DBFC01940687F0058080F /* InfoPlist.strings */,
				9C3DBFC31940687F0058080F /* main.m */,
				9C3DBFC51940687F0058080F /* Demo-Prefix.pch */,
			);
			name = "Supporting Files";
			sourceTree = "<group>";
		};
		9C3DBFDB1940687F0058080F /* DemoTests */ = {
			isa = PBXGroup;
			children = (
				9C3DBFE11940687F0058080F /* DemoTests.m */,
				9C3DBFDC1940687F0058080F /* Supporting Files */,
			);
			path = DemoTests;
			sourceTree = "<group>";
		};
		9C3DBFDC1940687F0058080F /* Supporting Files */ = {
			isa = PBXGroup;
			children = (
				9C3DBFDD1940687F0058080F /* DemoTests-Info.plist */,
				9C3DBFDE1940687F0058080F /* InfoPlist.strings */,
			);
			name = "Supporting Files";
			sourceTree = "<group>";
		};
/* End PBXGroup section */

/* Begin PBXNativeTarget section */
		9C3DBF8A1940615A0058080F /* RTID */ = {
			isa = PBXNativeTarget;
			buildConfigurationList = 9C3DBFAE1940615A0058080F /* Build configuration list for PBXNativeTarget "RTID" */;
			buildPhases = (
				9C3DBF871940615A0058080F /* Sources */,
				9C3DBF881940615A0058080F /* Frameworks */,
				9C3DBF891940615A0058080F /* CopyFiles */,
			);
			buildRules = (
			);
			dependencies = (
			);
			name = RTID;
			productName = RTID;
			productReference = 9C3DBF8B1940615A0058080F /* libRTID.a */;
			productType = "com.apple.product-type.library.static";
		};
		9C3DBF9A1940615A0058080F /* RTIDTests */ = {
			isa = PBXNativeTarget;
			buildConfigurationList = 9C3DBFB11940615A0058080F /* Build configuration list for PBXNativeTarget "RTIDTests" */;
			buildPhases = (
				9C3DBF971940615A0058080F /* Sources */,
				9C3DBF981940615A0058080F /* Frameworks */,
				9C3DBF991940615A0058080F /* Resources */,
			);
			buildRules = (
			);
			dependencies = (
				9C3DBFA21940615A0058080F /* PBXTargetDependency */,
			);
			name = RTIDTests;
			productName = RTIDTests;
			productReference = 9C3DBF9B1940615A0058080F /* RTIDTests.xctest */;
			productType = "com.apple.product-type.bundle.unit-test";
		};
		9C3DBFB71940687F0058080F /* Demo */ = {
			isa = PBXNativeTarget;
			buildConfigurationList = 9C3DBFE31940687F0058080F /* Build configuration list for PBXNativeTarget "Demo" */;
			buildPhases = (
				9C3DBFB41940687F0058080F /* Sources */,
				9C3DBFB51940687F0058080F /* Frameworks */,
				9C3DBFB61940687F0058080F /* Resources */,
			);
			buildRules = (
			);
			dependencies = (
			);
			name = Demo;
			productName = Demo;
			productReference = 9C3DBFB81940687F0058080F /* Demo.app */;
			productType = "com.apple.product-type.application";
		};
		9C3DBFD41940687F0058080F /* DemoTests */ = {
			isa = PBXNativeTarget;
			buildConfigurationList = 9C3DBFE61940687F0058080F /* Build configuration list for PBXNativeTarget "DemoTests" */;
			buildPhases = (
				9C3DBFD11940687F0058080F /* Sources */,
				9C3DBFD21940687F0058080F /* Frameworks */,
				9C3DBFD31940687F0058080F /* Resources */,
			);
			buildRules = (
			);
			dependencies = (
				9C3DBFDA1940687F0058080F /* PBXTargetDependency */,
			);
			name = DemoTests;
			productName = DemoTests;
			productReference = 9C3DBFD51940687F0058080F /* DemoTests.xctest */;
			productType = "com.apple.product-type.bundle.unit-test";
		};
/* End PBXNativeTarget section */

/* Begin PBXProject section */
		9C3DBF831940615A0058080F /* Project object */ = {
			isa = PBXProject;
			attributes = {
				LastUpgradeCheck = 0510;
				ORGANIZATIONNAME = ricky;
				TargetAttributes = {
					9C3DBF9A1940615A0058080F = {
						TestTargetID = 9C3DBF8A1940615A0058080F;
					};
					9C3DBFB71940687F0058080F = {
						DevelopmentTeam = B3YWFPRYS3;
					};
					9C3DBFD41940687F0058080F = {
						TestTargetID = 9C3DBFB71940687F0058080F;
					};
				};
			};
			buildConfigurationList = 9C3DBF861940615A0058080F /* Build configuration list for PBXProject "RTID" */;
			compatibilityVersion = "Xcode 3.2";
			developmentRegion = English;
			hasScannedForEncodings = 0;
			knownRegions = (
				en,
				Base,
			);
			mainGroup = 9C3DBF821940615A0058080F;
			productRefGroup = 9C3DBF8C1940615A0058080F /* Products */;
			projectDirPath = "";
			projectRoot = "";
			targets = (
				9C3DBF8A1940615A0058080F /* RTID */,
				9C3DBF9A1940615A0058080F /* RTIDTests */,
				9C3DBFB71940687F0058080F /* Demo */,
				9C3DBFD41940687F0058080F /* DemoTests */,
			);
		};
/* End PBXProject section */

/* Begin PBXResourcesBuildPhase section */
		9C3DBF991940615A0058080F /* Resources */ = {
			isa = PBXResourcesBuildPhase;
			buildActionMask = 2147483647;
			files = (
				9C3DBFA91940615A0058080F /* InfoPlist.strings in Resources */,
			);
			runOnlyForDeploymentPostprocessing = 0;
		};
		9C3DBFB61940687F0058080F /* Resources */ = {
			isa = PBXResourcesBuildPhase;
			buildActionMask = 2147483647;
			files = (
				9C3DBFD01940687F0058080F /* Images.xcassets in Resources */,
				9C3DBFC21940687F0058080F /* InfoPlist.strings in Resources */,
				9C3DBFCB1940687F0058080F /* Main.storyboard in Resources */,
			);
			runOnlyForDeploymentPostprocessing = 0;
		};
		9C3DBFD31940687F0058080F /* Resources */ = {
			isa = PBXResourcesBuildPhase;
			buildActionMask = 2147483647;
			files = (
				9C3DBFE01940687F0058080F /* InfoPlist.strings in Resources */,
			);
			runOnlyForDeploymentPostprocessing = 0;
		};
/* End PBXResourcesBuildPhase section */

/* Begin PBXSourcesBuildPhase section */
		9C3DBF871940615A0058080F /* Sources */ = {
			isa = PBXSourcesBuildPhase;
			buildActionMask = 2147483647;
			files = (
				9C3DBF961940615A0058080F /* RTID.m in Sources */,
			);
			runOnlyForDeploymentPostprocessing = 0;
		};
		9C3DBF971940615A0058080F /* Sources */ = {
			isa = PBXSourcesBuildPhase;
			buildActionMask = 2147483647;
			files = (
				9C3DBFAB1940615A0058080F /* RTIDTests.m in Sources */,
			);
			runOnlyForDeploymentPostprocessing = 0;
		};
		9C3DBFB41940687F0058080F /* Sources */ = {
			isa = PBXSourcesBuildPhase;
			buildActionMask = 2147483647;
			files = (
				9C3DBFCE1940687F0058080F /* ViewController.m in Sources */,
				9C3DBFC81940687F0058080F /* AppDelegate.m in Sources */,
				9C3DBFC41940687F0058080F /* main.m in Sources */,
			);
			runOnlyForDeploymentPostprocessing = 0;
		};
		9C3DBFD11940687F0058080F /* Sources */ = {
			isa = PBXSourcesBuildPhase;
			buildActionMask = 2147483647;
			files = (
				9C3DBFE21940687F0058080F /* DemoTests.m in Sources */,
			);
			runOnlyForDeploymentPostprocessing = 0;
		};
/* End PBXSourcesBuildPhase section */

/* Begin PBXTargetDependency section */
		9C3DBFA21940615A0058080F /* PBXTargetDependency */ = {
			isa = PBXTargetDependency;
			target = 9C3DBF8A1940615A0058080F /* RTID */;
			targetProxy = 9C3DBFA11940615A0058080F /* PBXContainerItemProxy */;
		};
		9C3DBFDA1940687F0058080F /* PBXTargetDependency */ = {
			isa = PBXTargetDependency;
			target = 9C3DBFB71940687F0058080F /* Demo */;
			targetProxy = 9C3DBFD91940687F0058080F /* PBXContainerItemProxy */;
		};
/* End PBXTargetDependency section */

/* Begin PBXVariantGroup section */
		9C3DBFA71940615A0058080F /* InfoPlist.strings */ = {
			isa = PBXVariantGroup;
			children = (
				9C3DBFA81940615A0058080F /* en */,
			);
			name = InfoPlist.strings;
			sourceTree = "<group>";
		};
		9C3DBFC01940687F0058080F /* InfoPlist.strings */ = {
			isa = PBXVariantGroup;
			children = (
				9C3DBFC11940687F0058080F /* en */,
			);
			name = InfoPlist.strings;
			sourceTree = "<group>";
		};
		9C3DBFC91940687F0058080F /* Main.storyboard */ = {
			isa = PBXVariantGroup;
			children = (
				9C3DBFCA1940687F0058080F /* Base */,
			);
			name = Main.storyboard;
			sourceTree = "<group>";
		};
		9C3DBFDE1940687F0058080F /* InfoPlist.strings */ = {
			isa = PBXVariantGroup;
			children = (
				9C3DBFDF1940687F0058080F /* en */,
			);
			name = InfoPlist.strings;
			sourceTree = "<group>";
		};
/* End PBXVariantGroup section */

/* Begin XCBuildConfiguration section */
		9C3DBFAC1940615A0058080F /* Debug */ = {
			isa = XCBuildConfiguration;
			buildSettings = {
				ALWAYS_SEARCH_USER_PATHS = NO;
				CLANG_CXX_LANGUAGE_STANDARD = "gnu++0x";
				CLANG_CXX_LIBRARY = "libc++";
				CLANG_ENABLE_MODULES = YES;
				CLANG_ENABLE_OBJC_ARC = YES;
				CLANG_WARN_BOOL_CONVERSION = YES;
				CLANG_WARN_CONSTANT_CONVERSION = YES;
				CLANG_WARN_DIRECT_OBJC_ISA_USAGE = YES_ERROR;
				CLANG_WARN_EMPTY_BODY = YES;
				CLANG_WARN_ENUM_CONVERSION = YES;
				CLANG_WARN_INT_CONVERSION = YES;
				CLANG_WARN_OBJC_ROOT_CLASS = YES_ERROR;
				CLANG_WARN__DUPLICATE_METHOD_MATCH = YES;
				COPY_PHASE_STRIP = NO;
				GCC_C_LANGUAGE_STANDARD = gnu99;
				GCC_DYNAMIC_NO_PIC = NO;
				GCC_OPTIMIZATION_LEVEL = 0;
				GCC_PREPROCESSOR_DEFINITIONS = (
					"DEBUG=1",
					"$(inherited)",
				);
				GCC_SYMBOLS_PRIVATE_EXTERN = NO;
				GCC_WARN_64_TO_32_BIT_CONVERSION = YES;
				GCC_WARN_ABOUT_RETURN_TYPE = YES_ERROR;
				GCC_WARN_UNDECLARED_SELECTOR = YES;
				GCC_WARN_UNINITIALIZED_AUTOS = YES;
				GCC_WARN_UNUSED_FUNCTION = YES;
				GCC_WARN_UNUSED_VARIABLE = YES;
				IPHONEOS_DEPLOYMENT_TARGET = 6.0;
				ONLY_ACTIVE_ARCH = YES;
				SDKROOT = iphoneos;
			};
			name = Debug;
		};
		9C3DBFAD1940615A0058080F /* Release */ = {
			isa = XCBuildConfiguration;
			buildSettings = {
				ALWAYS_SEARCH_USER_PATHS = NO;
				CLANG_CXX_LANGUAGE_STANDARD = "gnu++0x";
				CLANG_CXX_LIBRARY = "libc++";
				CLANG_ENABLE_MODULES = YES;
				CLANG_ENABLE_OBJC_ARC = YES;
				CLANG_WARN_BOOL_CONVERSION = YES;
				CLANG_WARN_CONSTANT_CONVERSION = YES;
				CLANG_WARN_DIRECT_OBJC_ISA_USAGE = YES_ERROR;
				CLANG_WARN_EMPTY_BODY = YES;
				CLANG_WARN_ENUM_CONVERSION = YES;
				CLANG_WARN_INT_CONVERSION = YES;
				CLANG_WARN_OBJC_ROOT_CLASS = YES_ERROR;
				CLANG_WARN__DUPLICATE_METHOD_MATCH = YES;
				COPY_PHASE_STRIP = YES;
				ENABLE_NS_ASSERTIONS = NO;
				GCC_C_LANGUAGE_STANDARD = gnu99;
				GCC_WARN_64_TO_32_BIT_CONVERSION = YES;
				GCC_WARN_ABOUT_RETURN_TYPE = YES_ERROR;
				GCC_WARN_UNDECLARED_SELECTOR = YES;
				GCC_WARN_UNINITIALIZED_AUTOS = YES;
				GCC_WARN_UNUSED_FUNCTION = YES;
				GCC_WARN_UNUSED_VARIABLE = YES;
				IPHONEOS_DEPLOYMENT_TARGET = 6.0;
				SDKROOT = iphoneos;
				VALIDATE_PRODUCT = YES;
			};
			name = Release;
		};
		9C3DBFAF1940615A0058080F /* Debug */ = {
			isa = XCBuildConfiguration;
			buildSettings = {
				DSTROOT = /tmp/RTID.dst;
				GCC_PRECOMPILE_PREFIX_HEADER = YES;
				GCC_PREFIX_HEADER = "RTID/RTID-Prefix.pch";
				LIBRARY_SEARCH_PATHS = (
					"$(inherited)",
					"$(SDKROOT)/usr/lib/system",
				);
				OTHER_LDFLAGS = "-ObjC";
				PRODUCT_NAME = "$(TARGET_NAME)";
				SKIP_INSTALL = YES;
			};
			name = Debug;
		};
		9C3DBFB01940615A0058080F /* Release */ = {
			isa = XCBuildConfiguration;
			buildSettings = {
				DSTROOT = /tmp/RTID.dst;
				GCC_PRECOMPILE_PREFIX_HEADER = YES;
				GCC_PREFIX_HEADER = "RTID/RTID-Prefix.pch";
				LIBRARY_SEARCH_PATHS = (
					"$(inherited)",
					"$(SDKROOT)/usr/lib/system",
				);
				OTHER_LDFLAGS = "-ObjC";
				PRODUCT_NAME = "$(TARGET_NAME)";
				SKIP_INSTALL = YES;
			};
			name = Release;
		};
		9C3DBFB21940615A0058080F /* Debug */ = {
			isa = XCBuildConfiguration;
			buildSettings = {
				FRAMEWORK_SEARCH_PATHS = (
					"$(SDKROOT)/Developer/Library/Frameworks",
					"$(inherited)",
					"$(DEVELOPER_FRAMEWORKS_DIR)",
				);
				GCC_PRECOMPILE_PREFIX_HEADER = YES;
				GCC_PREFIX_HEADER = "RTID/RTID-Prefix.pch";
				GCC_PREPROCESSOR_DEFINITIONS = (
					"DEBUG=1",
					"$(inherited)",
				);
				INFOPLIST_FILE = "RTIDTests/RTIDTests-Info.plist";
				OTHER_LDFLAGS = (
					"$(inherited)",
					"-framework",
					XCTest,
					"-ObjC",
				);
				PRODUCT_NAME = "$(TARGET_NAME)";
				WRAPPER_EXTENSION = xctest;
			};
			name = Debug;
		};
		9C3DBFB31940615A0058080F /* Release */ = {
			isa = XCBuildConfiguration;
			buildSettings = {
				FRAMEWORK_SEARCH_PATHS = (
					"$(SDKROOT)/Developer/Library/Frameworks",
					"$(inherited)",
					"$(DEVELOPER_FRAMEWORKS_DIR)",
				);
				GCC_PRECOMPILE_PREFIX_HEADER = YES;
				GCC_PREFIX_HEADER = "RTID/RTID-Prefix.pch";
				INFOPLIST_FILE = "RTIDTests/RTIDTests-Info.plist";
				OTHER_LDFLAGS = (
					"$(inherited)",
					"-framework",
					XCTest,
					"-ObjC",
				);
				PRODUCT_NAME = "$(TARGET_NAME)";
				WRAPPER_EXTENSION = xctest;
			};
			name = Release;
		};
		9C3DBFE41940687F0058080F /* Debug */ = {
			isa = XCBuildConfiguration;
			buildSettings = {
				ASSETCATALOG_COMPILER_APPICON_NAME = AppIcon;
				ASSETCATALOG_COMPILER_LAUNCHIMAGE_NAME = LaunchImage;
				CODE_SIGN_IDENTITY = "iPhone Developer";
				"CODE_SIGN_IDENTITY[sdk=iphoneos*]" = "iPhone Developer: sheng tan (24EV2NDP7K)";
				FRAMEWORK_SEARCH_PATHS = (
					"$(inherited)",
					"$(DEVELOPER_FRAMEWORKS_DIR)",
				);
				GCC_PRECOMPILE_PREFIX_HEADER = YES;
				GCC_PREFIX_HEADER = "Demo/Demo-Prefix.pch";
				GCC_PREPROCESSOR_DEFINITIONS = (
					"DEBUG=1",
					"$(inherited)",
				);
				INFOPLIST_FILE = "Demo/Demo-Info.plist";
				IPHONEOS_DEPLOYMENT_TARGET = 6.0;
				OTHER_LDFLAGS = "-ObjC";
				PRODUCT_NAME = "$(TARGET_NAME)";
				PROVISIONING_PROFILE = "6835F43B-7FA4-4AA9-AD32-1E09EFD782A4";
				WRAPPER_EXTENSION = app;
			};
			name = Debug;
		};
		9C3DBFE51940687F0058080F /* Release */ = {
			isa = XCBuildConfiguration;
			buildSettings = {
				ASSETCATALOG_COMPILER_APPICON_NAME = AppIcon;
				ASSETCATALOG_COMPILER_LAUNCHIMAGE_NAME = LaunchImage;
				CODE_SIGN_IDENTITY = "iPhone Developer";
				"CODE_SIGN_IDENTITY[sdk=iphoneos*]" = "iPhone Developer: Ricky Tan (DLR42XEMUG)";
				FRAMEWORK_SEARCH_PATHS = (
					"$(inherited)",
					"$(DEVELOPER_FRAMEWORKS_DIR)",
				);
				GCC_PRECOMPILE_PREFIX_HEADER = YES;
				GCC_PREFIX_HEADER = "Demo/Demo-Prefix.pch";
				INFOPLIST_FILE = "Demo/Demo-Info.plist";
				IPHONEOS_DEPLOYMENT_TARGET = 6.0;
				OTHER_LDFLAGS = "-ObjC";
				PRODUCT_NAME = "$(TARGET_NAME)";
				PROVISIONING_PROFILE = "6835F43B-7FA4-4AA9-AD32-1E09EFD782A4";
				WRAPPER_EXTENSION = app;
			};
			name = Release;
		};
		9C3DBFE71940687F0058080F /* Debug */ = {
			isa = XCBuildConfiguration;
			buildSettings = {
				BUNDLE_LOADER = "$(BUILT_PRODUCTS_DIR)/Demo.app/Demo";
				FRAMEWORK_SEARCH_PATHS = (
					"$(SDKROOT)/Developer/Library/Frameworks",
					"$(inherited)",
					"$(DEVELOPER_FRAMEWORKS_DIR)",
				);
				GCC_PRECOMPILE_PREFIX_HEADER = YES;
				GCC_PREFIX_HEADER = "Demo/Demo-Prefix.pch";
				GCC_PREPROCESSOR_DEFINITIONS = (
					"DEBUG=1",
					"$(inherited)",
				);
				INFOPLIST_FILE = "DemoTests/DemoTests-Info.plist";
				IPHONEOS_DEPLOYMENT_TARGET = 7.0;
				PRODUCT_NAME = "$(TARGET_NAME)";
				TEST_HOST = "$(BUNDLE_LOADER)";
				WRAPPER_EXTENSION = xctest;
			};
			name = Debug;
		};
		9C3DBFE81940687F0058080F /* Release */ = {
			isa = XCBuildConfiguration;
			buildSettings = {
				BUNDLE_LOADER = "$(BUILT_PRODUCTS_DIR)/Demo.app/Demo";
				FRAMEWORK_SEARCH_PATHS = (
					"$(SDKROOT)/Developer/Library/Frameworks",
					"$(inherited)",
					"$(DEVELOPER_FRAMEWORKS_DIR)",
				);
				GCC_PRECOMPILE_PREFIX_HEADER = YES;
				GCC_PREFIX_HEADER = "Demo/Demo-Prefix.pch";
				INFOPLIST_FILE = "DemoTests/DemoTests-Info.plist";
				IPHONEOS_DEPLOYMENT_TARGET = 7.0;
				PRODUCT_NAME = "$(TARGET_NAME)";
				TEST_HOST = "$(BUNDLE_LOADER)";
				WRAPPER_EXTENSION = xctest;
			};
			name = Release;
		};
/* End XCBuildConfiguration section */

/* Begin XCConfigurationList section */
		9C3DBF861940615A0058080F /* Build configuration list for PBXProject "RTID" */ = {
			isa = XCConfigurationList;
			buildConfigurations = (
				9C3DBFAC1940615A0058080F /* Debug */,
				9C3DBFAD1940615A0058080F /* Release */,
			);
			defaultConfigurationIsVisible = 0;
			defaultConfigurationName = Release;
		};
		9C3DBFAE1940615A0058080F /* Build configuration list for PBXNativeTarget "RTID" */ = {
			isa = XCConfigurationList;
			buildConfigurations = (
				9C3DBFAF1940615A0058080F /* Debug */,
				9C3DBFB01940615A0058080F /* Release */,
			);
			defaultConfigurationIsVisible = 0;
			defaultConfigurationName = Release;
		};
		9C3DBFB11940615A0058080F /* Build configuration list for PBXNativeTarget "RTIDTests" */ = {
			isa = XCConfigurationList;
			buildConfigurations = (
				9C3DBFB21940615A0058080F /* Debug */,
				9C3DBFB31940615A0058080F /* Release */,
			);
			defaultConfigurationIsVisible = 0;
			defaultConfigurationName = Release;
		};
		9C3DBFE31940687F0058080F /* Build configuration list for PBXNativeTarget "Demo" */ = {
			isa = XCConfigurationList;
			buildConfigurations = (
				9C3DBFE41940687F0058080F /* Debug */,
				9C3DBFE51940687F0058080F /* Release */,
			);
			defaultConfigurationIsVisible = 0;
			defaultConfigurationName = Release;
		};
		9C3DBFE61940687F0058080F /* Build configuration list for PBXNativeTarget "DemoTests" */ = {
			isa = XCConfigurationList;
			buildConfigurations = (
				9C3DBFE71940687F0058080F /* Debug */,
				9C3DBFE81940687F0058080F /* Release */,
			);
			defaultConfigurationIsVisible = 0;
			defaultConfigurationName = Release;
		};
/* End XCConfigurationList section */
	};
	rootObject = 9C3DBF831940615A0058080F /* Project object */;
}
